%{
  "earmark": {:hex, :earmark, "1.3.3", "5e8be428fcef362692b6dbd7dc55bdc7023da26d995cb3fb19aa4bd682bfd3f9", [:mix], [], "hexpm", "a4f21ad675cd496b4b124b00cd7884add73ef836bbfeaa6a85a818df5690a182"},
  "epgsql": {:hex, :epgsql, "4.7.0", "98361a63e49ae14df57cbda8495058d42abd3a316f822d1f990a40259026fe5e", [:rebar3], [], "hexpm", "90b0145d302ab133d957ea46a884e6e37e847e6e47deaf93104314d2ad8cb5bb"},
  "ex_doc": {:hex, :ex_doc, "0.21.1", "5ac36660846967cd869255f4426467a11672fec3d8db602c429425ce5b613b90", [:mix], [{:earmark, "~> 1.3", [hex: :earmark, repo: "hexpm", optional: false]}, {:makeup_elixir, "~> 0.14", [hex: :makeup_elixir, repo: "hexpm", optional: false]}], "hexpm", "93d2fee94d2f88abf507628378371ea5fab08ed03fa59a6daa3d4469d9159ddd"},
  "makeup": {:hex, :makeup, "1.0.0", "671df94cf5a594b739ce03b0d0316aa64312cee2574b6a44becb83cd90fb05dc", [:mix], [{:nimble_parsec, "~> 0.5.0", [hex: :nimble_parsec, repo: "hexpm", optional: false]}], "hexpm", "a10c6eb62cca416019663129699769f0c2ccf39428b3bb3c0cb38c718a0c186d"},
  "makeup_elixir": {:hex, :makeup_elixir, "0.14.0", "cf8b7c66ad1cff4c14679698d532f0b5d45a3968ffbcbfd590339cb57742f1ae", [:mix], [{:makeup, "~> 1.0", [hex: :makeup, repo: "hexpm", optional: false]}], "hexpm", "d4b316c7222a85bbaa2fd7c6e90e37e953257ad196dc229505137c5e505e9eff"},
  "mox": {:hex, :mox, "0.5.1", "f86bb36026aac1e6f924a4b6d024b05e9adbed5c63e8daa069bd66fb3292165b", [:mix], [], "hexpm", "052346cf322311c49a0f22789f3698eea030eec09b8c47367f0686ef2634ae14"},
  "nimble_parsec": {:hex, :nimble_parsec, "0.5.0", "90e2eca3d0266e5c53f8fbe0079694740b9c91b6747f2b7e3c5d21966bba8300", [:mix], [], "hexpm", "5c040b8469c1ff1b10093d3186e2e10dbe483cd73d79ec017993fb3985b8a9b3"},
  "pgoutput_decoder": {:hex, :pgoutput_decoder, "0.1.0", "d4ffae6e58a563f2e6de8a0495d9f9afbe2f4ac75d6805419cd4a0d05f414c00", [:mix], [], "hexpm", "4dbecbe4eb8de728178fd129ccba810bccafa9a8769c6714c8b7b22963081c27"},
}
